
Microsoft Visual Studio Solution File, Format Version 12.00
# Visual Studio Version 16
VisualStudioVersion = 16.0.31402.337
MinimumVisualStudioVersion = 10.0.40219.1
Project("{FAE04EC0-301F-11D3-BF4B-00C04F79EFBC}") = "Cavern.Filters", "Cavern.Filters\Cavern.Filters.csproj", "{DAF58EED-35DC-416F-8DCE-7816B808BFB6}"
EndProject
Project("{FAE04EC0-301F-11D3-BF4B-00C04F79EFBC}") = "Cavern.Format", "Cavern.Format\Cavern.Format.csproj", "{E87A8995-3B65-497B-A808-4DDED25D2ADE}"
EndProject
Project("{FAE04EC0-301F-11D3-BF4B-00C04F79EFBC}") = "Cavern", "Cavern\Cavern.csproj", "{25898051-C846-4ED1-9A4F-A2D327B5FB0F}"
EndProject
Project("{FAE04EC0-301F-11D3-BF4B-00C04F79EFBC}") = "Cavern.QuickEQ", "Cavern.QuickEQ\Cavern.QuickEQ.csproj", "{B657F4AC-A378-486F-9355-937499DDD335}"
EndProject
Global
	GlobalSection(SolutionConfigurationPlatforms) = preSolution
		Debug|Any CPU = Debug|Any CPU
		Release|Any CPU = Release|Any CPU
	EndGlobalSection
	GlobalSection(ProjectConfigurationPlatforms) = postSolution
		{DAF58EED-35DC-416F-8DCE-7816B808BFB6}.Debug|Any CPU.ActiveCfg = Debug|Any CPU
		{DAF58EED-35DC-416F-8DCE-7816B808BFB6}.Debug|Any CPU.Build.0 = Debug|Any CPU
		{DAF58EED-35DC-416F-8DCE-7816B808BFB6}.Release|Any CPU.ActiveCfg = Release|Any CPU
		{DAF58EED-35DC-416F-8DCE-7816B808BFB6}.Release|Any CPU.Build.0 = Release|Any CPU
		{E87A8995-3B65-497B-A808-4DDED25D2ADE}.Debug|Any CPU.ActiveCfg = Debug|Any CPU
		{E87A8995-3B65-497B-A808-4DDED25D2ADE}.Debug|Any CPU.Build.0 = Debug|Any CPU
		{E87A8995-3B65-497B-A808-4DDED25D2ADE}.Release|Any CPU.ActiveCfg = Release|Any CPU
		{E87A8995-3B65-497B-A808-4DDED25D2ADE}.Release|Any CPU.Build.0 = Release|Any CPU
		{25898051-C846-4ED1-9A4F-A2D327B5FB0F}.Debug|Any CPU.ActiveCfg = Debug|Any CPU
		{25898051-C846-4ED1-9A4F-A2D327B5FB0F}.Debug|Any CPU.Build.0 = Debug|Any CPU
		{25898051-C846-4ED1-9A4F-A2D327B5FB0F}.Release|Any CPU.ActiveCfg = Release|Any CPU
		{25898051-C846-4ED1-9A4F-A2D327B5FB0F}.Release|Any CPU.Build.0 = Release|Any CPU
		{B657F4AC-A378-486F-9355-937499DDD335}.Debug|Any CPU.ActiveCfg = Debug|Any CPU
		{B657F4AC-A378-486F-9355-937499DDD335}.Debug|Any CPU.Build.0 = Debug|Any CPU
		{B657F4AC-A378-486F-9355-937499DDD335}.Release|Any CPU.ActiveCfg = Release|Any CPU
		{B657F4AC-A378-486F-9355-937499DDD335}.Release|Any CPU.Build.0 = Release|Any CPU
	EndGlobalSection
	GlobalSection(SolutionProperties) = preSolution
		HideSolutionNode = FALSE
	EndGlobalSection
	GlobalSection(ExtensibilityGlobals) = postSolution
		SolutionGuid = {A7F9771D-BEA0-4DE3-B267-46E1B87FE612}
	EndGlobalSection
EndGlobal
