
Microsoft Visual Studio Solution File, Format Version 12.00
# Visual Studio Version 17
VisualStudioVersion = 17.1.32319.34
MinimumVisualStudioVersion = 10.0.40219.1
Project("{9A19103F-16F7-4668-BE54-9A1E7A4F7556}") = "CavernUnity DLL", "CavernUnity DLL\CavernUnity DLL.csproj", "{CA1F8578-C99C-4BB2-9647-69CB0B308B80}"
EndProject
Project("{9A19103F-16F7-4668-BE54-9A1E7A4F7556}") = "Cavern.Format", "Cavern.Format\Cavern.Format.csproj", "{E87A8995-3B65-497B-A808-4DDED25D2ADE}"
EndProject
Project("{9A19103F-16F7-4668-BE54-9A1E7A4F7556}") = "Cavern", "Cavern\Cavern.csproj", "{25898051-C846-4ED1-9A4F-A2D327B5FB0F}"
EndProject
Project("{9A19103F-16F7-4668-BE54-9A1E7A4F7556}") = "Cavern.QuickEQ", "Cavern.QuickEQ\Cavern.QuickEQ.csproj", "{B657F4AC-A378-486F-9355-937499DDD335}"
EndProject
Project("{9A19103F-16F7-4668-BE54-9A1E7A4F7556}") = "Cavern.QuickEQ.Format", "Cavern.QuickEQ.Format\Cavern.QuickEQ.Format.csproj", "{3E9E2C95-8B7C-4CA6-B9BD-6E464EB53E9D}"
EndProject
Project("{2150E333-8FDC-42A3-9474-1A3956D46DE8}") = "Tests", "Tests", "{0EEA289B-F2A4-4199-AFEE-775FE935673D}"
EndProject
Project("{9A19103F-16F7-4668-BE54-9A1E7A4F7556}") = "Test.Cavern", "Tests\Test.Cavern\Test.Cavern.csproj", "{FD25F0E4-8AAC-4354-86CA-6B60120DEE30}"
EndProject
Project("{9A19103F-16F7-4668-BE54-9A1E7A4F7556}") = "Test.Cavern.QuickEQ", "Tests\Test.Cavern.QuickEQ\Test.Cavern.QuickEQ.csproj", "{1EF755C6-66D1-4991-9727-567B29646F86}"
EndProject
Project("{9A19103F-16F7-4668-BE54-9A1E7A4F7556}") = "Test.Cavern.Format", "Tests\Test.Cavern.Format\Test.Cavern.Format.csproj", "{7921DD28-0CFF-446C-BC4D-09F64E88A396}"
EndProject
Project("{9A19103F-16F7-4668-BE54-9A1E7A4F7556}") = "CavernUnity.WebGL", "CavernUnity.WebGL\CavernUnity.WebGL.csproj", "{23636B9A-543A-48B7-B276-F871B6E7ACFC}"
EndProject
Global
	GlobalSection(SolutionConfigurationPlatforms) = preSolution
		Debug|Any CPU = Debug|Any CPU
		Release|Any CPU = Release|Any CPU
	EndGlobalSection
	GlobalSection(ProjectConfigurationPlatforms) = postSolution
		{CA1F8578-C99C-4BB2-9647-69CB0B308B80}.Debug|Any CPU.ActiveCfg = Debug|Any CPU
		{CA1F8578-C99C-4BB2-9647-69CB0B308B80}.Debug|Any CPU.Build.0 = Debug|Any CPU
		{CA1F8578-C99C-4BB2-9647-69CB0B308B80}.Release|Any CPU.ActiveCfg = Release|Any CPU
		{CA1F8578-C99C-4BB2-9647-69CB0B308B80}.Release|Any CPU.Build.0 = Release|Any CPU
		{E87A8995-3B65-497B-A808-4DDED25D2ADE}.Debug|Any CPU.ActiveCfg = Debug|Any CPU
		{E87A8995-3B65-497B-A808-4DDED25D2ADE}.Debug|Any CPU.Build.0 = Debug|Any CPU
		{E87A8995-3B65-497B-A808-4DDED25D2ADE}.Release|Any CPU.ActiveCfg = Release|Any CPU
		{E87A8995-3B65-497B-A808-4DDED25D2ADE}.Release|Any CPU.Build.0 = Release|Any CPU
		{25898051-C846-4ED1-9A4F-A2D327B5FB0F}.Debug|Any CPU.ActiveCfg = Debug|Any CPU
		{25898051-C846-4ED1-9A4F-A2D327B5FB0F}.Debug|Any CPU.Build.0 = Debug|Any CPU
		{25898051-C846-4ED1-9A4F-A2D327B5FB0F}.Release|Any CPU.ActiveCfg = Release|Any CPU
		{25898051-C846-4ED1-9A4F-A2D327B5FB0F}.Release|Any CPU.Build.0 = Release|Any CPU
		{B657F4AC-A378-486F-9355-937499DDD335}.Debug|Any CPU.ActiveCfg = Debug|Any CPU
		{B657F4AC-A378-486F-9355-937499DDD335}.Debug|Any CPU.Build.0 = Debug|Any CPU
		{B657F4AC-A378-486F-9355-937499DDD335}.Release|Any CPU.ActiveCfg = Release|Any CPU
		{B657F4AC-A378-486F-9355-937499DDD335}.Release|Any CPU.Build.0 = Release|Any CPU
		{3E9E2C95-8B7C-4CA6-B9BD-6E464EB53E9D}.Debug|Any CPU.ActiveCfg = Debug|Any CPU
		{3E9E2C95-8B7C-4CA6-B9BD-6E464EB53E9D}.Debug|Any CPU.Build.0 = Debug|Any CPU
		{3E9E2C95-8B7C-4CA6-B9BD-6E464EB53E9D}.Release|Any CPU.ActiveCfg = Release|Any CPU
		{3E9E2C95-8B7C-4CA6-B9BD-6E464EB53E9D}.Release|Any CPU.Build.0 = Release|Any CPU
		{FD25F0E4-8AAC-4354-86CA-6B60120DEE30}.Debug|Any CPU.ActiveCfg = Debug|Any CPU
		{FD25F0E4-8AAC-4354-86CA-6B60120DEE30}.Debug|Any CPU.Build.0 = Debug|Any CPU
		{FD25F0E4-8AAC-4354-86CA-6B60120DEE30}.Release|Any CPU.ActiveCfg = Release|Any CPU
		{FD25F0E4-8AAC-4354-86CA-6B60120DEE30}.Release|Any CPU.Build.0 = Release|Any CPU
		{1EF755C6-66D1-4991-9727-567B29646F86}.Debug|Any CPU.ActiveCfg = Debug|Any CPU
		{1EF755C6-66D1-4991-9727-567B29646F86}.Debug|Any CPU.Build.0 = Debug|Any CPU
		{1EF755C6-66D1-4991-9727-567B29646F86}.Release|Any CPU.ActiveCfg = Release|Any CPU
		{1EF755C6-66D1-4991-9727-567B29646F86}.Release|Any CPU.Build.0 = Release|Any CPU
		{7921DD28-0CFF-446C-BC4D-09F64E88A396}.Debug|Any CPU.ActiveCfg = Debug|Any CPU
		{7921DD28-0CFF-446C-BC4D-09F64E88A396}.Debug|Any CPU.Build.0 = Debug|Any CPU
		{7921DD28-0CFF-446C-BC4D-09F64E88A396}.Release|Any CPU.ActiveCfg = Release|Any CPU
		{7921DD28-0CFF-446C-BC4D-09F64E88A396}.Release|Any CPU.Build.0 = Release|Any CPU
		{23636B9A-543A-48B7-B276-F871B6E7ACFC}.Debug|Any CPU.ActiveCfg = Debug|Any CPU
		{23636B9A-543A-48B7-B276-F871B6E7ACFC}.Debug|Any CPU.Build.0 = Debug|Any CPU
		{23636B9A-543A-48B7-B276-F871B6E7ACFC}.Release|Any CPU.ActiveCfg = Release|Any CPU
		{23636B9A-543A-48B7-B276-F871B6E7ACFC}.Release|Any CPU.Build.0 = Release|Any CPU
	EndGlobalSection
	GlobalSection(SolutionProperties) = preSolution
		HideSolutionNode = FALSE
	EndGlobalSection
	GlobalSection(NestedProjects) = preSolution
		{FD25F0E4-8AAC-4354-86CA-6B60120DEE30} = {0EEA289B-F2A4-4199-AFEE-775FE935673D}
		{1EF755C6-66D1-4991-9727-567B29646F86} = {0EEA289B-F2A4-4199-AFEE-775FE935673D}
		{7921DD28-0CFF-446C-BC4D-09F64E88A396} = {0EEA289B-F2A4-4199-AFEE-775FE935673D}
	EndGlobalSection
	GlobalSection(ExtensibilityGlobals) = postSolution
		SolutionGuid = {A7F9771D-BEA0-4DE3-B267-46E1B87FE612}
	EndGlobalSection
EndGlobal
