
Microsoft Visual Studio Solution File, Format Version 12.00
# Visual Studio Version 17
VisualStudioVersion = 17.0.32014.148
MinimumVisualStudioVersion = 10.0.40219.1
Project("{9A19103F-16F7-4668-BE54-9A1E7A4F7556}") = "CavernizeGUI", "CavernizeGUI\CavernizeGUI.csproj", "{935CA5EA-F167-44C1-8A5F-46D1C0A8668F}"
EndProject
Project("{9A19103F-16F7-4668-BE54-9A1E7A4F7556}") = "Cavern", "..\Cavern\Cavern.csproj", "{25898051-C846-4ED1-9A4F-A2D327B5FB0F}"
EndProject
Project("{9A19103F-16F7-4668-BE54-9A1E7A4F7556}") = "Cavern.Format", "..\Cavern.Format\Cavern.Format.csproj", "{E87A8995-3B65-497B-A808-4DDED25D2ADE}"
EndProject
Project("{9A19103F-16F7-4668-BE54-9A1E7A4F7556}") = "Cavern.QuickEQ", "..\Cavern.QuickEQ\Cavern.QuickEQ.csproj", "{B657F4AC-A378-486F-9355-937499DDD335}"
EndProject
Project("{2150E333-8FDC-42A3-9474-1A3956D46DE8}") = "Library", "Library", "{A8FAC7E2-CC2E-40EF-8B62-C32E735CF9E6}"
EndProject
Project("{2150E333-8FDC-42A3-9474-1A3956D46DE8}") = "Solution Items", "Solution Items", "{48FD3823-A0AC-4A0F-9000-CA31DD29727F}"
	ProjectSection(SolutionItems) = preProject
		.editorconfig = .editorconfig
		Coding style.txt = Coding style.txt
	EndProjectSection
EndProject
Project("{9A19103F-16F7-4668-BE54-9A1E7A4F7556}") = "Cavern.QuickEQ.Format", "..\Cavern.QuickEQ.Format\Cavern.QuickEQ.Format.csproj", "{24E5737B-A035-4EC4-BA8E-21375BC81219}"
EndProject
Project("{9A19103F-16F7-4668-BE54-9A1E7A4F7556}") = "FilterStudio", "FilterStudio\FilterStudio.csproj", "{5F0DDE27-A6F0-4A6D-B7D6-BB7E3AC95471}"
EndProject
Project("{9A19103F-16F7-4668-BE54-9A1E7A4F7556}") = "CavernPipeServer.Windows", "CavernPipeServer.Windows\CavernPipeServer.Windows.csproj", "{235A0462-18BE-4B94-BC27-2B959442E6AF}"
EndProject
Project("{FAE04EC0-301F-11D3-BF4B-00C04F79EFBC}") = "CavernPipeClient", "CavernPipeClient\CavernPipeClient.csproj", "{BB0A7B28-DA1F-480E-9F4D-747B17706675}"
EndProject
Project("{2150E333-8FDC-42A3-9474-1A3956D46DE8}") = "Reusable", "Reusable", "{02EA681E-C7D8-13C7-8484-4AC65E1B71E8}"
EndProject
Project("{FAE04EC0-301F-11D3-BF4B-00C04F79EFBC}") = "Cavernize.Logic", "Reusable\Cavernize.Logic\Cavernize.Logic.csproj", "{15BEC2AA-E152-489C-90B8-1E5064F6ACA4}"
EndProject
Project("{FAE04EC0-301F-11D3-BF4B-00C04F79EFBC}") = "Cavern.WPF", "..\Libraries\Cavern.WPF\Cavern.WPF.csproj", "{A6BCCB2D-5099-D4DE-AD78-A7F2A7BA9D06}"
EndProject
Project("{FAE04EC0-301F-11D3-BF4B-00C04F79EFBC}") = "CavernPipeServer.Logic", "Reusable\CavernPipeServer.Logic\CavernPipeServer.Logic.csproj", "{0BE27D6A-5D88-448A-AC97-D661B5F4B4D8}"
EndProject
Project("{FAE04EC0-301F-11D3-BF4B-00C04F79EFBC}") = "CavernPipeServer.Multiplatform", "CavernPipeServer.Multiplatform\CavernPipeServer.Multiplatform.csproj", "{F2CA7B0F-A83B-45FC-9610-939215A5BF38}"
EndProject
Project("{FAE04EC0-301F-11D3-BF4B-00C04F79EFBC}") = "CavernizeCLI", "CavernizeCLI\CavernizeCLI.csproj", "{7D4436ED-CEDB-46FE-99B2-2791D8D340C8}"
EndProject
Global
	GlobalSection(SolutionConfigurationPlatforms) = preSolution
		Debug|Any CPU = Debug|Any CPU
		Release|Any CPU = Release|Any CPU
	EndGlobalSection
	GlobalSection(ProjectConfigurationPlatforms) = postSolution
		{935CA5EA-F167-44C1-8A5F-46D1C0A8668F}.Debug|Any CPU.ActiveCfg = Debug|Any CPU
		{935CA5EA-F167-44C1-8A5F-46D1C0A8668F}.Debug|Any CPU.Build.0 = Debug|Any CPU
		{935CA5EA-F167-44C1-8A5F-46D1C0A8668F}.Release|Any CPU.ActiveCfg = Release|Any CPU
		{935CA5EA-F167-44C1-8A5F-46D1C0A8668F}.Release|Any CPU.Build.0 = Release|Any CPU
		{25898051-C846-4ED1-9A4F-A2D327B5FB0F}.Debug|Any CPU.ActiveCfg = Debug|Any CPU
		{25898051-C846-4ED1-9A4F-A2D327B5FB0F}.Debug|Any CPU.Build.0 = Debug|Any CPU
		{25898051-C846-4ED1-9A4F-A2D327B5FB0F}.Release|Any CPU.ActiveCfg = Release|Any CPU
		{25898051-C846-4ED1-9A4F-A2D327B5FB0F}.Release|Any CPU.Build.0 = Release|Any CPU
		{E87A8995-3B65-497B-A808-4DDED25D2ADE}.Debug|Any CPU.ActiveCfg = Debug|Any CPU
		{E87A8995-3B65-497B-A808-4DDED25D2ADE}.Debug|Any CPU.Build.0 = Debug|Any CPU
		{E87A8995-3B65-497B-A808-4DDED25D2ADE}.Release|Any CPU.ActiveCfg = Release|Any CPU
		{E87A8995-3B65-497B-A808-4DDED25D2ADE}.Release|Any CPU.Build.0 = Release|Any CPU
		{B657F4AC-A378-486F-9355-937499DDD335}.Debug|Any CPU.ActiveCfg = Debug|Any CPU
		{B657F4AC-A378-486F-9355-937499DDD335}.Debug|Any CPU.Build.0 = Debug|Any CPU
		{B657F4AC-A378-486F-9355-937499DDD335}.Release|Any CPU.ActiveCfg = Release|Any CPU
		{B657F4AC-A378-486F-9355-937499DDD335}.Release|Any CPU.Build.0 = Release|Any CPU
		{24E5737B-A035-4EC4-BA8E-21375BC81219}.Debug|Any CPU.ActiveCfg = Debug|Any CPU
		{24E5737B-A035-4EC4-BA8E-21375BC81219}.Debug|Any CPU.Build.0 = Debug|Any CPU
		{24E5737B-A035-4EC4-BA8E-21375BC81219}.Release|Any CPU.ActiveCfg = Release|Any CPU
		{24E5737B-A035-4EC4-BA8E-21375BC81219}.Release|Any CPU.Build.0 = Release|Any CPU
		{5F0DDE27-A6F0-4A6D-B7D6-BB7E3AC95471}.Debug|Any CPU.ActiveCfg = Debug|Any CPU
		{5F0DDE27-A6F0-4A6D-B7D6-BB7E3AC95471}.Debug|Any CPU.Build.0 = Debug|Any CPU
		{5F0DDE27-A6F0-4A6D-B7D6-BB7E3AC95471}.Release|Any CPU.ActiveCfg = Release|Any CPU
		{5F0DDE27-A6F0-4A6D-B7D6-BB7E3AC95471}.Release|Any CPU.Build.0 = Release|Any CPU
		{235A0462-18BE-4B94-BC27-2B959442E6AF}.Debug|Any CPU.ActiveCfg = Debug|Any CPU
		{235A0462-18BE-4B94-BC27-2B959442E6AF}.Debug|Any CPU.Build.0 = Debug|Any CPU
		{235A0462-18BE-4B94-BC27-2B959442E6AF}.Release|Any CPU.ActiveCfg = Release|Any CPU
		{235A0462-18BE-4B94-BC27-2B959442E6AF}.Release|Any CPU.Build.0 = Release|Any CPU
		{BB0A7B28-DA1F-480E-9F4D-747B17706675}.Debug|Any CPU.ActiveCfg = Debug|Any CPU
		{BB0A7B28-DA1F-480E-9F4D-747B17706675}.Debug|Any CPU.Build.0 = Debug|Any CPU
		{BB0A7B28-DA1F-480E-9F4D-747B17706675}.Release|Any CPU.ActiveCfg = Release|Any CPU
		{BB0A7B28-DA1F-480E-9F4D-747B17706675}.Release|Any CPU.Build.0 = Release|Any CPU
		{15BEC2AA-E152-489C-90B8-1E5064F6ACA4}.Debug|Any CPU.ActiveCfg = Debug|Any CPU
		{15BEC2AA-E152-489C-90B8-1E5064F6ACA4}.Debug|Any CPU.Build.0 = Debug|Any CPU
		{15BEC2AA-E152-489C-90B8-1E5064F6ACA4}.Release|Any CPU.ActiveCfg = Release|Any CPU
		{15BEC2AA-E152-489C-90B8-1E5064F6ACA4}.Release|Any CPU.Build.0 = Release|Any CPU
		{A6BCCB2D-5099-D4DE-AD78-A7F2A7BA9D06}.Debug|Any CPU.ActiveCfg = Debug|Any CPU
		{A6BCCB2D-5099-D4DE-AD78-A7F2A7BA9D06}.Debug|Any CPU.Build.0 = Debug|Any CPU
		{A6BCCB2D-5099-D4DE-AD78-A7F2A7BA9D06}.Release|Any CPU.ActiveCfg = Release|Any CPU
		{A6BCCB2D-5099-D4DE-AD78-A7F2A7BA9D06}.Release|Any CPU.Build.0 = Release|Any CPU
		{0BE27D6A-5D88-448A-AC97-D661B5F4B4D8}.Debug|Any CPU.ActiveCfg = Debug|Any CPU
		{0BE27D6A-5D88-448A-AC97-D661B5F4B4D8}.Debug|Any CPU.Build.0 = Debug|Any CPU
		{0BE27D6A-5D88-448A-AC97-D661B5F4B4D8}.Release|Any CPU.ActiveCfg = Release|Any CPU
		{0BE27D6A-5D88-448A-AC97-D661B5F4B4D8}.Release|Any CPU.Build.0 = Release|Any CPU
		{F2CA7B0F-A83B-45FC-9610-939215A5BF38}.Debug|Any CPU.ActiveCfg = Debug|Any CPU
		{F2CA7B0F-A83B-45FC-9610-939215A5BF38}.Debug|Any CPU.Build.0 = Debug|Any CPU
		{F2CA7B0F-A83B-45FC-9610-939215A5BF38}.Release|Any CPU.ActiveCfg = Release|Any CPU
		{F2CA7B0F-A83B-45FC-9610-939215A5BF38}.Release|Any CPU.Build.0 = Release|Any CPU
		{7D4436ED-CEDB-46FE-99B2-2791D8D340C8}.Debug|Any CPU.ActiveCfg = Debug|Any CPU
		{7D4436ED-CEDB-46FE-99B2-2791D8D340C8}.Debug|Any CPU.Build.0 = Debug|Any CPU
		{7D4436ED-CEDB-46FE-99B2-2791D8D340C8}.Release|Any CPU.ActiveCfg = Release|Any CPU
		{7D4436ED-CEDB-46FE-99B2-2791D8D340C8}.Release|Any CPU.Build.0 = Release|Any CPU
	EndGlobalSection
	GlobalSection(SolutionProperties) = preSolution
		HideSolutionNode = FALSE
	EndGlobalSection
	GlobalSection(NestedProjects) = preSolution
		{25898051-C846-4ED1-9A4F-A2D327B5FB0F} = {A8FAC7E2-CC2E-40EF-8B62-C32E735CF9E6}
		{E87A8995-3B65-497B-A808-4DDED25D2ADE} = {A8FAC7E2-CC2E-40EF-8B62-C32E735CF9E6}
		{B657F4AC-A378-486F-9355-937499DDD335} = {A8FAC7E2-CC2E-40EF-8B62-C32E735CF9E6}
		{24E5737B-A035-4EC4-BA8E-21375BC81219} = {A8FAC7E2-CC2E-40EF-8B62-C32E735CF9E6}
		{15BEC2AA-E152-489C-90B8-1E5064F6ACA4} = {02EA681E-C7D8-13C7-8484-4AC65E1B71E8}
		{A6BCCB2D-5099-D4DE-AD78-A7F2A7BA9D06} = {A8FAC7E2-CC2E-40EF-8B62-C32E735CF9E6}
		{0BE27D6A-5D88-448A-AC97-D661B5F4B4D8} = {02EA681E-C7D8-13C7-8484-4AC65E1B71E8}
	EndGlobalSection
	GlobalSection(ExtensibilityGlobals) = postSolution
		SolutionGuid = {A9DF7132-D463-434C-B1DF-279D324EE921}
	EndGlobalSection
EndGlobal
