<?xml version="1.0" encoding="UTF-8" standalone="yes" ?>
<CodeBlocks_project_file>
	<FileVersion major="1" minor="6" />
	<Project>
		<Option title="CavernAmp" />
		<Option pch_mode="2" />
		<Option compiler="gcc" />
		<Option virtualFolders="Filters/;Filters/Headers/;Filters/Sources/;Utilities/;Utilities/Headers/;Utilities/Sources/;QuickEQ/;QuickEQ/Sources/;QuickEQ/Headers/" />
		<Build>
			<Target title="Release">
				<Option output="bin/Release/CavernAmp" prefix_auto="1" extension_auto="1" />
				<Option object_output="obj/Release/" />
				<Option type="3" />
				<Option compiler="gcc" />
				<Option createDefFile="1" />
				<Option createStaticLib="1" />
				<Compiler>
					<Add option="-march=corei7-avx" />
					<Add option="-fexpensive-optimizations" />
					<Add option="-O2" />
					<Add option="-pedantic" />
					<Add option="-Wextra" />
					<Add option="-Wall" />
					<Add option="-m64" />
					<Add option="-DBUILD_DLL" />
				</Compiler>
				<Linker>
					<Add option="-s" />
					<Add option="-m64" />
					<Add library="user32" />
				</Linker>
			</Target>
		</Build>
		<Unit filename="complex.h">
			<Option virtualFolder="Utilities/Headers/" />
		</Unit>
		<Unit filename="complexArray.cpp">
			<Option virtualFolder="Utilities/Sources/" />
		</Unit>
		<Unit filename="complexArray.h">
			<Option virtualFolder="Utilities/Headers/" />
		</Unit>
		<Unit filename="export.h">
			<Option virtualFolder="Utilities/Headers/" />
		</Unit>
		<Unit filename="fastConvolver.cpp">
			<Option virtualFolder="Filters/Sources/" />
		</Unit>
		<Unit filename="fastConvolver.h">
			<Option virtualFolder="Filters/Headers/" />
		</Unit>
		<Unit filename="fftcache.cpp">
			<Option virtualFolder="QuickEQ/Sources/" />
		</Unit>
		<Unit filename="fftcache.h">
			<Option virtualFolder="QuickEQ/Headers/" />
		</Unit>
		<Unit filename="filter.h">
			<Option virtualFolder="Filters/Headers/" />
		</Unit>
		<Unit filename="filterAnalyzer.cpp">
			<Option virtualFolder="QuickEQ/Sources/" />
		</Unit>
		<Unit filename="filterAnalyzer.h">
			<Option virtualFolder="QuickEQ/Headers/" />
		</Unit>
		<Unit filename="graphUtils.cpp">
			<Option virtualFolder="Utilities/Sources/" />
		</Unit>
		<Unit filename="graphUtils.h">
			<Option virtualFolder="Utilities/Headers/" />
		</Unit>
		<Unit filename="main.cpp" />
		<Unit filename="main.h" />
		<Unit filename="measurements.cpp">
			<Option virtualFolder="QuickEQ/Sources/" />
		</Unit>
		<Unit filename="measurements.h">
			<Option virtualFolder="QuickEQ/Headers/" />
		</Unit>
		<Unit filename="peakingEqualizer.cpp">
			<Option virtualFolder="QuickEQ/Sources/" />
		</Unit>
		<Unit filename="peakingEqualizer.h">
			<Option virtualFolder="QuickEQ/Headers/" />
		</Unit>
		<Unit filename="peakingFilter.cpp">
			<Option virtualFolder="Filters/Sources/" />
		</Unit>
		<Unit filename="peakingFilter.h">
			<Option virtualFolder="Filters/Headers/" />
		</Unit>
		<Unit filename="qmath.cpp">
			<Option virtualFolder="Utilities/Sources/" />
		</Unit>
		<Unit filename="qmath.h">
			<Option virtualFolder="Utilities/Headers/" />
		</Unit>
		<Unit filename="qmath_vector.c">
			<Option compilerVar="CC" />
			<Option virtualFolder="Utilities/Sources/" />
		</Unit>
		<Unit filename="waveformUtils.cpp">
			<Option virtualFolder="Utilities/Sources/" />
		</Unit>
		<Unit filename="waveformUtils.h">
			<Option virtualFolder="Utilities/Headers/" />
		</Unit>
		<Extensions>
			<lib_finder disable_auto="1" />
		</Extensions>
	</Project>
</CodeBlocks_project_file>
